
Microsoft Visual Studio Solution File, Format Version 12.00
# Visual Studio 15
VisualStudioVersion = 15.0.28307.168
MinimumVisualStudioVersion = 10.0.40219.1
Project("{FAE04EC0-301F-11D3-BF4B-00C04F79EFBC}") = "MyCinema", "MyCinema\MyCinema.csproj", "{3E23A5CE-A0B6-4E5F-B198-E8B2B1F5DAF1}"
EndProject
Global
	GlobalSection(SolutionConfigurationPlatforms) = preSolution
		Debug|Any CPU = Debug|Any CPU
		Release|Any CPU = Release|Any CPU
	EndGlobalSection
	GlobalSection(ProjectConfigurationPlatforms) = postSolution
		{3E23A5CE-A0B6-4E5F-B198-E8B2B1F5DAF1}.Debug|Any CPU.ActiveCfg = Debug|Any CPU
		{3E23A5CE-A0B6-4E5F-B198-E8B2B1F5DAF1}.Debug|Any CPU.Build.0 = Debug|Any CPU
		{3E23A5CE-A0B6-4E5F-B198-E8B2B1F5DAF1}.Release|Any CPU.ActiveCfg = Release|Any CPU
		{3E23A5CE-A0B6-4E5F-B198-E8B2B1F5DAF1}.Release|Any CPU.Build.0 = Release|Any CPU
	EndGlobalSection
	GlobalSection(SolutionProperties) = preSolution
		HideSolutionNode = FALSE
	EndGlobalSection
	GlobalSection(ExtensibilityGlobals) = postSolution
		SolutionGuid = {410AF138-A3A0-4309-88B4-D041F24073AA}
	EndGlobalSection
EndGlobal
